Microsoft Visual Studio Solution File, Format Version 12.00
# Visual Studio Version 18
VisualStudioVersion = 18.3.11520.95
MinimumVisualStudioVersion = 10.0.40219.1
Project("{2150E333-8FDC-42A3-9474-1A3956D46DE8}") = "Andromeda", "Andromeda", "{DAB12CDB-26D3-41AA-8D02-2EE37628DC7B}"
EndProject
Project("{2150E333-8FDC-42A3-9474-1A3956D46DE8}") = "Cassiopeia", "Cassiopeia", "{91B3FC80-2643-4779-A15C-5423F60B0CD4}"
EndProject
Project("{FAE04EC0-301F-11D3-BF4B-00C04F79EFBC}") = "RealWorldAspire.AppHost", "..\Andromeda\backend\src\RealWorldAspire.AppHost\RealWorldAspire.AppHost.csproj", "{55FC541D-9E5A-405C-B42B-FA1892F8443F}"
EndProject
Project("{FAE04EC0-301F-11D3-BF4B-00C04F79EFBC}") = "RealWorldAspire.ServiceDefaults", "..\Andromeda\backend\src\RealWorldAspire.ServiceDefaults\RealWorldAspire.ServiceDefaults.csproj", "{72E21ACC-580F-464F-BC8D-895BA9D0C873}"
EndProject
Project("{FAE04EC0-301F-11D3-BF4B-00C04F79EFBC}") = "RealWorldAspire.ApiService", "..\Andromeda\backend\src\RealWorldAspire.ApiService\RealWorldAspire.ApiService.csproj", "{0EE699BE-6E34-4987-9CBE-624C6F4ACFF2}"
EndProject
Project("{FAE04EC0-301F-11D3-BF4B-00C04F79EFBC}") = "RealWorldAspire.ApiService.Tests", "..\Andromeda\backend\tests\RealWorldAspire.ApiService.Tests\RealWorldAspire.ApiService.Tests.csproj", "{4561CBCA-192C-40BB-A7E4-1C0A08186E6C}"
EndProject
Project("{FAE04EC0-301F-11D3-BF4B-00C04F79EFBC}") = "RealWorldAspire.ApiService.IntegrationTests", "..\Andromeda\backend\tests\RealWorldAspire.ApiService.IntegrationTests\RealWorldAspire.ApiService.IntegrationTests.csproj", "{235A8F79-4022-4F08-8010-FE4E92810B41}"
EndProject
Project("{FAE04EC0-301F-11D3-BF4B-00C04F79EFBC}") = "RealWorldAspire.TestHost", "..\Andromeda\backend\tests\RealWorldAspire.TestHost\RealWorldAspire.TestHost.csproj", "{C34BCFA5-9E7C-4A1F-B32F-12D282023BF5}"
EndProject
Project("{FAE04EC0-301F-11D3-BF4B-00C04F79EFBC}") = "frontend", "..\Andromeda\frontend\frontend.csproj", "{B6363A19-67D7-4789-AAD2-C0D4CFBFB7B1}"
EndProject
Project("{FAE04EC0-301F-11D3-BF4B-00C04F79EFBC}") = "Static", "..\Cassiopeia\Library\Static\Static.csproj", "{2C02D1AC-A61A-415B-85E8-A61BFAEEF5E4}"
EndProject
Project("{FAE04EC0-301F-11D3-BF4B-00C04F79EFBC}") = "WebAuthRazor", "..\Cassiopeia\Library\WebAuthRazor\WebAuthRazor.csproj", "{296CCD80-C73C-4BC0-ACD1-04F1C2AD51E3}"
EndProject
Project("{FAE04EC0-301F-11D3-BF4B-00C04F79EFBC}") = "WebAuthApi", "..\Cassiopeia\Server\WebAuthApi\WebAuthApi.csproj", "{5C588EA2-2835-439B-86CA-8BF947A550B2}"
EndProject
Project("{FAE04EC0-301F-11D3-BF4B-00C04F79EFBC}") = "ZxPortfolio", "..\Cassiopeia\Client\ZxPortfolio\ZxPortfolio.csproj", "{CB858E9D-5045-461E-8D59-4F5EA8566E82}"
EndProject
Project("{FAE04EC0-301F-11D3-BF4B-00C04F79EFBC}") = "ZxBlazor", "..\Cassiopeia\Library\ZxBlazor\ZxBlazor.csproj", "{B544FFCB-8351-4CCF-9D23-C151E3BFAC61}"
EndProject
Project("{FAE04EC0-301F-11D3-BF4B-00C04F79EFBC}") = "ZxClass", "..\Cassiopeia\Library\ZxClass\ZxClass.csproj", "{9D82A463-9317-402D-B2BC-404D714F75D0}"
EndProject
Project("{FAE04EC0-301F-11D3-BF4B-00C04F79EFBC}") = "ZxSolution", "..\Cassiopeia\Solution\ZxSolution\ZxSolution.csproj", "{1CC3D140-256D-4667-808E-083DBF632CCA}"
EndProject
Project("{FAE04EC0-301F-11D3-BF4B-00C04F79EFBC}") = "Sirius", "Sirius.csproj", "{18E26CD8-EF2F-504D-52E1-7EA62B33C3BA}"
EndProject
Project("{FAE04EC0-301F-11D3-BF4B-00C04F79EFBC}") = "ZxBase", "..\Cassiopeia\Library\ZxBase\ZxBase.csproj", "{D551A41B-17D0-0E69-88D7-FD87DCE8DD96}"
EndProject
Global
	GlobalSection(SolutionConfigurationPlatforms) = preSolution
		Debug|Any CPU = Debug|Any CPU
		Release|Any CPU = Release|Any CPU
	EndGlobalSection
	GlobalSection(ProjectConfigurationPlatforms) = postSolution
		{55FC541D-9E5A-405C-B42B-FA1892F8443F}.Debug|Any CPU.ActiveCfg = Debug|Any CPU
		{55FC541D-9E5A-405C-B42B-FA1892F8443F}.Debug|Any CPU.Build.0 = Debug|Any CPU
		{55FC541D-9E5A-405C-B42B-FA1892F8443F}.Release|Any CPU.ActiveCfg = Release|Any CPU
		{55FC541D-9E5A-405C-B42B-FA1892F8443F}.Release|Any CPU.Build.0 = Release|Any CPU
		{72E21ACC-580F-464F-BC8D-895BA9D0C873}.Debug|Any CPU.ActiveCfg = Debug|Any CPU
		{72E21ACC-580F-464F-BC8D-895BA9D0C873}.Debug|Any CPU.Build.0 = Debug|Any CPU
		{72E21ACC-580F-464F-BC8D-895BA9D0C873}.Release|Any CPU.ActiveCfg = Release|Any CPU
		{72E21ACC-580F-464F-BC8D-895BA9D0C873}.Release|Any CPU.Build.0 = Release|Any CPU
		{0EE699BE-6E34-4987-9CBE-624C6F4ACFF2}.Debug|Any CPU.ActiveCfg = Debug|Any CPU
		{0EE699BE-6E34-4987-9CBE-624C6F4ACFF2}.Debug|Any CPU.Build.0 = Debug|Any CPU
		{0EE699BE-6E34-4987-9CBE-624C6F4ACFF2}.Release|Any CPU.ActiveCfg = Release|Any CPU
		{0EE699BE-6E34-4987-9CBE-624C6F4ACFF2}.Release|Any CPU.Build.0 = Release|Any CPU
		{4561CBCA-192C-40BB-A7E4-1C0A08186E6C}.Debug|Any CPU.ActiveCfg = Debug|Any CPU
		{4561CBCA-192C-40BB-A7E4-1C0A08186E6C}.Debug|Any CPU.Build.0 = Debug|Any CPU
		{4561CBCA-192C-40BB-A7E4-1C0A08186E6C}.Release|Any CPU.ActiveCfg = Release|Any CPU
		{4561CBCA-192C-40BB-A7E4-1C0A08186E6C}.Release|Any CPU.Build.0 = Release|Any CPU
		{235A8F79-4022-4F08-8010-FE4E92810B41}.Debug|Any CPU.ActiveCfg = Debug|Any CPU
		{235A8F79-4022-4F08-8010-FE4E92810B41}.Debug|Any CPU.Build.0 = Debug|Any CPU
		{235A8F79-4022-4F08-8010-FE4E92810B41}.Release|Any CPU.ActiveCfg = Release|Any CPU
		{235A8F79-4022-4F08-8010-FE4E92810B41}.Release|Any CPU.Build.0 = Release|Any CPU
		{C34BCFA5-9E7C-4A1F-B32F-12D282023BF5}.Debug|Any CPU.ActiveCfg = Debug|Any CPU
		{C34BCFA5-9E7C-4A1F-B32F-12D282023BF5}.Debug|Any CPU.Build.0 = Debug|Any CPU
		{C34BCFA5-9E7C-4A1F-B32F-12D282023BF5}.Release|Any CPU.ActiveCfg = Release|Any CPU
		{C34BCFA5-9E7C-4A1F-B32F-12D282023BF5}.Release|Any CPU.Build.0 = Release|Any CPU
		{B6363A19-67D7-4789-AAD2-C0D4CFBFB7B1}.Debug|Any CPU.ActiveCfg = Debug|Any CPU
		{B6363A19-67D7-4789-AAD2-C0D4CFBFB7B1}.Debug|Any CPU.Build.0 = Debug|Any CPU
		{B6363A19-67D7-4789-AAD2-C0D4CFBFB7B1}.Release|Any CPU.ActiveCfg = Release|Any CPU
		{B6363A19-67D7-4789-AAD2-C0D4CFBFB7B1}.Release|Any CPU.Build.0 = Release|Any CPU
		{2C02D1AC-A61A-415B-85E8-A61BFAEEF5E4}.Debug|Any CPU.ActiveCfg = Debug|Any CPU
		{2C02D1AC-A61A-415B-85E8-A61BFAEEF5E4}.Debug|Any CPU.Build.0 = Debug|Any CPU
		{2C02D1AC-A61A-415B-85E8-A61BFAEEF5E4}.Release|Any CPU.ActiveCfg = Release|Any CPU
		{2C02D1AC-A61A-415B-85E8-A61BFAEEF5E4}.Release|Any CPU.Build.0 = Release|Any CPU
		{296CCD80-C73C-4BC0-ACD1-04F1C2AD51E3}.Debug|Any CPU.ActiveCfg = Debug|Any CPU
		{296CCD80-C73C-4BC0-ACD1-04F1C2AD51E3}.Debug|Any CPU.Build.0 = Debug|Any CPU
		{296CCD80-C73C-4BC0-ACD1-04F1C2AD51E3}.Release|Any CPU.ActiveCfg = Release|Any CPU
		{296CCD80-C73C-4BC0-ACD1-04F1C2AD51E3}.Release|Any CPU.Build.0 = Release|Any CPU
		{5C588EA2-2835-439B-86CA-8BF947A550B2}.Debug|Any CPU.ActiveCfg = Debug|Any CPU
		{5C588EA2-2835-439B-86CA-8BF947A550B2}.Debug|Any CPU.Build.0 = Debug|Any CPU
		{5C588EA2-2835-439B-86CA-8BF947A550B2}.Release|Any CPU.ActiveCfg = Release|Any CPU
		{5C588EA2-2835-439B-86CA-8BF947A550B2}.Release|Any CPU.Build.0 = Release|Any CPU
		{CB858E9D-5045-461E-8D59-4F5EA8566E82}.Debug|Any CPU.ActiveCfg = Debug|Any CPU
		{CB858E9D-5045-461E-8D59-4F5EA8566E82}.Debug|Any CPU.Build.0 = Debug|Any CPU
		{CB858E9D-5045-461E-8D59-4F5EA8566E82}.Release|Any CPU.ActiveCfg = Release|Any CPU
		{CB858E9D-5045-461E-8D59-4F5EA8566E82}.Release|Any CPU.Build.0 = Release|Any CPU
		{B544FFCB-8351-4CCF-9D23-C151E3BFAC61}.Debug|Any CPU.ActiveCfg = Debug|Any CPU
		{B544FFCB-8351-4CCF-9D23-C151E3BFAC61}.Debug|Any CPU.Build.0 = Debug|Any CPU
		{B544FFCB-8351-4CCF-9D23-C151E3BFAC61}.Release|Any CPU.ActiveCfg = Release|Any CPU
		{B544FFCB-8351-4CCF-9D23-C151E3BFAC61}.Release|Any CPU.Build.0 = Release|Any CPU
		{9D82A463-9317-402D-B2BC-404D714F75D0}.Debug|Any CPU.ActiveCfg = Debug|Any CPU
		{9D82A463-9317-402D-B2BC-404D714F75D0}.Debug|Any CPU.Build.0 = Debug|Any CPU
		{9D82A463-9317-402D-B2BC-404D714F75D0}.Release|Any CPU.ActiveCfg = Release|Any CPU
		{9D82A463-9317-402D-B2BC-404D714F75D0}.Release|Any CPU.Build.0 = Release|Any CPU
		{1CC3D140-256D-4667-808E-083DBF632CCA}.Debug|Any CPU.ActiveCfg = Debug|Any CPU
		{1CC3D140-256D-4667-808E-083DBF632CCA}.Debug|Any CPU.Build.0 = Debug|Any CPU
		{1CC3D140-256D-4667-808E-083DBF632CCA}.Release|Any CPU.ActiveCfg = Release|Any CPU
		{1CC3D140-256D-4667-808E-083DBF632CCA}.Release|Any CPU.Build.0 = Release|Any CPU
		{18E26CD8-EF2F-504D-52E1-7EA62B33C3BA}.Debug|Any CPU.ActiveCfg = Debug|Any CPU
		{18E26CD8-EF2F-504D-52E1-7EA62B33C3BA}.Debug|Any CPU.Build.0 = Debug|Any CPU
		{18E26CD8-EF2F-504D-52E1-7EA62B33C3BA}.Release|Any CPU.ActiveCfg = Release|Any CPU
		{18E26CD8-EF2F-504D-52E1-7EA62B33C3BA}.Release|Any CPU.Build.0 = Release|Any CPU
		{D551A41B-17D0-0E69-88D7-FD87DCE8DD96}.Debug|Any CPU.ActiveCfg = Debug|Any CPU
		{D551A41B-17D0-0E69-88D7-FD87DCE8DD96}.Debug|Any CPU.Build.0 = Debug|Any CPU
		{D551A41B-17D0-0E69-88D7-FD87DCE8DD96}.Release|Any CPU.ActiveCfg = Release|Any CPU
		{D551A41B-17D0-0E69-88D7-FD87DCE8DD96}.Release|Any CPU.Build.0 = Release|Any CPU
	EndGlobalSection
	GlobalSection(SolutionProperties) = preSolution
		HideSolutionNode = FALSE
	EndGlobalSection
	GlobalSection(NestedProjects) = preSolution
		{55FC541D-9E5A-405C-B42B-FA1892F8443F} = {DAB12CDB-26D3-41AA-8D02-2EE37628DC7B}
		{72E21ACC-580F-464F-BC8D-895BA9D0C873} = {DAB12CDB-26D3-41AA-8D02-2EE37628DC7B}
		{0EE699BE-6E34-4987-9CBE-624C6F4ACFF2} = {DAB12CDB-26D3-41AA-8D02-2EE37628DC7B}
		{4561CBCA-192C-40BB-A7E4-1C0A08186E6C} = {DAB12CDB-26D3-41AA-8D02-2EE37628DC7B}
		{235A8F79-4022-4F08-8010-FE4E92810B41} = {DAB12CDB-26D3-41AA-8D02-2EE37628DC7B}
		{C34BCFA5-9E7C-4A1F-B32F-12D282023BF5} = {DAB12CDB-26D3-41AA-8D02-2EE37628DC7B}
		{B6363A19-67D7-4789-AAD2-C0D4CFBFB7B1} = {DAB12CDB-26D3-41AA-8D02-2EE37628DC7B}
		{2C02D1AC-A61A-415B-85E8-A61BFAEEF5E4} = {91B3FC80-2643-4779-A15C-5423F60B0CD4}
		{296CCD80-C73C-4BC0-ACD1-04F1C2AD51E3} = {91B3FC80-2643-4779-A15C-5423F60B0CD4}
		{5C588EA2-2835-439B-86CA-8BF947A550B2} = {91B3FC80-2643-4779-A15C-5423F60B0CD4}
		{CB858E9D-5045-461E-8D59-4F5EA8566E82} = {91B3FC80-2643-4779-A15C-5423F60B0CD4}
		{B544FFCB-8351-4CCF-9D23-C151E3BFAC61} = {91B3FC80-2643-4779-A15C-5423F60B0CD4}
		{9D82A463-9317-402D-B2BC-404D714F75D0} = {91B3FC80-2643-4779-A15C-5423F60B0CD4}
		{1CC3D140-256D-4667-808E-083DBF632CCA} = {91B3FC80-2643-4779-A15C-5423F60B0CD4}
		{D551A41B-17D0-0E69-88D7-FD87DCE8DD96} = {91B3FC80-2643-4779-A15C-5423F60B0CD4}
	EndGlobalSection
	GlobalSection(ExtensibilityGlobals) = postSolution
		SolutionGuid = {60F279FE-2039-4C50-8690-D2CCBB43A411}
	EndGlobalSection
EndGlobal
